
Microsoft Visual Studio Solution File, Format Version 12.00
# Visual Studio 14
VisualStudioVersion = 14.0.25420.1
MinimumVisualStudioVersion = 10.0.40219.1
Project("{2150E333-8FDC-42A3-9474-1A3956D46DE8}") = "src", "src", "{CA5778E1-41C4-4AA4-8E07-ED86496191E7}"
EndProject
Project("{2150E333-8FDC-42A3-9474-1A3956D46DE8}") = "Solution Items", "Solution Items", "{4645720D-6564-4AA9-819A-0ED2456F7E76}"
	ProjectSection(SolutionItems) = preProject
		global.json = global.json
	EndProjectSection
EndProject
Project("{8BB2217D-0F2D-49D1-97BC-3654ED321F3B}") = "eb-dotnet-docker-web-api", "src\eb-dotnet-docker-web-api\eb-dotnet-docker-web-api.xproj", "{79D88CAC-02DC-4718-93F4-3BA69B971936}"
EndProject
Global
	GlobalSection(SolutionConfigurationPlatforms) = preSolution
		Debug|Any CPU = Debug|Any CPU
		Release|Any CPU = Release|Any CPU
	EndGlobalSection
	GlobalSection(ProjectConfigurationPlatforms) = postSolution
		{79D88CAC-02DC-4718-93F4-3BA69B971936}.Debug|Any CPU.ActiveCfg = Debug|Any CPU
		{79D88CAC-02DC-4718-93F4-3BA69B971936}.Debug|Any CPU.Build.0 = Debug|Any CPU
		{79D88CAC-02DC-4718-93F4-3BA69B971936}.Release|Any CPU.ActiveCfg = Release|Any CPU
		{79D88CAC-02DC-4718-93F4-3BA69B971936}.Release|Any CPU.Build.0 = Release|Any CPU
	EndGlobalSection
	GlobalSection(SolutionProperties) = preSolution
		HideSolutionNode = FALSE
	EndGlobalSection
	GlobalSection(NestedProjects) = preSolution
		{79D88CAC-02DC-4718-93F4-3BA69B971936} = {CA5778E1-41C4-4AA4-8E07-ED86496191E7}
	EndGlobalSection
EndGlobal
